// !$*UTF8*$!
{
	archiveVersion = 1;
	classes = {
	};
	objectVersion = 46;
	objects = {

/* Begin PBXBuildFile section */
		E7E9BD2F19BD51CA0006EED3 /* AppDelegate.swift in Sources */ = {isa = PBXBuildFile; fileRef = E7E9BD2E19BD51CA0006EED3 /* AppDelegate.swift */; };
		E7E9BD3119BD51CA0006EED3 /* ViewController.swift in Sources */ = {isa = PBXBuildFile; fileRef = E7E9BD3019BD51CA0006EED3 /* ViewController.swift */; };
		E7E9BD3419BD51CA0006EED3 /* Main.storyboard in Resources */ = {isa = PBXBuildFile; fileRef = E7E9BD3219BD51CA0006EED3 /* Main.storyboard */; };
		E7E9BD3619BD51CA0006EED3 /* Images.xcassets in Resources */ = {isa = PBXBuildFile; fileRef = E7E9BD3519BD51CA0006EED3 /* Images.xcassets */; };
		E7E9BD4219BD51CA0006EED3 /* VineTests.swift in Sources */ = {isa = PBXBuildFile; fileRef = E7E9BD4119BD51CA0006EED3 /* VineTests.swift */; };
		E7E9BD4A19BD51F30006EED3 /* VineService.swift in Sources */ = {isa = PBXBuildFile; fileRef = E7E9BD4919BD51F30006EED3 /* VineService.swift */; };
/* End PBXBuildFile section */

/* Begin PBXContainerItemProxy section */
		E7E9BD3C19BD51CA0006EED3 /* PBXContainerItemProxy */ = {
			isa = PBXContainerItemProxy;
			containerPortal = E73AD4F319BA302500FF5B08 /* Project object */;
			proxyType = 1;
			remoteGlobalIDString = E7E9BD2919BD51CA0006EED3;
			remoteInfo = Vine;
		};
/* End PBXContainerItemProxy section */

/* Begin PBXFileReference section */
		E7E9BD2A19BD51CA0006EED3 /* Vine.app */ = {isa = PBXFileReference; explicitFileType = wrapper.application; includeInIndex = 0; path = Vine.app; sourceTree = BUILT_PRODUCTS_DIR; };
		E7E9BD2D19BD51CA0006EED3 /* Info.plist */ = {isa = PBXFileReference; lastKnownFileType = text.plist.xml; path = Info.plist; sourceTree = "<group>"; };
		E7E9BD2E19BD51CA0006EED3 /* AppDelegate.swift */ = {isa = PBXFileReference; lastKnownFileType = sourcecode.swift; path = AppDelegate.swift; sourceTree = "<group>"; };
		E7E9BD3019BD51CA0006EED3 /* ViewController.swift */ = {isa = PBXFileReference; lastKnownFileType = sourcecode.swift; path = ViewController.swift; sourceTree = "<group>"; };
		E7E9BD3319BD51CA0006EED3 /* Base */ = {isa = PBXFileReference; lastKnownFileType = file.storyboard; name = Base; path = Base.lproj/Main.storyboard; sourceTree = "<group>"; };
		E7E9BD3519BD51CA0006EED3 /* Images.xcassets */ = {isa = PBXFileReference; lastKnownFileType = folder.assetcatalog; path = Images.xcassets; sourceTree = "<group>"; };
		E7E9BD3B19BD51CA0006EED3 /* VineTests.xctest */ = {isa = PBXFileReference; explicitFileType = wrapper.cfbundle; includeInIndex = 0; path = VineTests.xctest; sourceTree = BUILT_PRODUCTS_DIR; };
		E7E9BD4019BD51CA0006EED3 /* Info.plist */ = {isa = PBXFileReference; lastKnownFileType = text.plist.xml; path = Info.plist; sourceTree = "<group>"; };
		E7E9BD4119BD51CA0006EED3 /* VineTests.swift */ = {isa = PBXFileReference; lastKnownFileType = sourcecode.swift; path = VineTests.swift; sourceTree = "<group>"; };
		E7E9BD4919BD51F30006EED3 /* VineService.swift */ = {isa = PBXFileReference; fileEncoding = 4; lastKnownFileType = sourcecode.swift; path = VineService.swift; sourceTree = "<group>"; };
/* End PBXFileReference section */

/* Begin PBXFrameworksBuildPhase section */
		E7E9BD2719BD51CA0006EED3 /* Frameworks */ = {
			isa = PBXFrameworksBuildPhase;
			buildActionMask = 2147483647;
			files = (
			);
			runOnlyForDeploymentPostprocessing = 0;
		};
		E7E9BD3819BD51CA0006EED3 /* Frameworks */ = {
			isa = PBXFrameworksBuildPhase;
			buildActionMask = 2147483647;
			files = (
			);
			runOnlyForDeploymentPostprocessing = 0;
		};
/* End PBXFrameworksBuildPhase section */

/* Begin PBXGroup section */
		E73AD4F219BA302500FF5B08 = {
			isa = PBXGroup;
			children = (
				E7E9BD2B19BD51CA0006EED3 /* Vine */,
				E7E9BD3E19BD51CA0006EED3 /* VineTests */,
				E73AD4FD19BA302500FF5B08 /* Products */,
			);
			sourceTree = "<group>";
		};
		E73AD4FD19BA302500FF5B08 /* Products */ = {
			isa = PBXGroup;
			children = (
				E7E9BD2A19BD51CA0006EED3 /* Vine.app */,
				E7E9BD3B19BD51CA0006EED3 /* VineTests.xctest */,
			);
			name = Products;
			sourceTree = "<group>";
		};
		E7E9BD2B19BD51CA0006EED3 /* Vine */ = {
			isa = PBXGroup;
			children = (
				E7E9BD2E19BD51CA0006EED3 /* AppDelegate.swift */,
				E7E9BD3019BD51CA0006EED3 /* ViewController.swift */,
				E7E9BD3219BD51CA0006EED3 /* Main.storyboard */,
				E7E9BD3519BD51CA0006EED3 /* Images.xcassets */,
				E7E9BD2C19BD51CA0006EED3 /* Supporting Files */,
				E7E9BD4919BD51F30006EED3 /* VineService.swift */,
			);
			path = Vine;
			sourceTree = "<group>";
		};
		E7E9BD2C19BD51CA0006EED3 /* Supporting Files */ = {
			isa = PBXGroup;
			children = (
				E7E9BD2D19BD51CA0006EED3 /* Info.plist */,
			);
			name = "Supporting Files";
			sourceTree = "<group>";
		};
		E7E9BD3E19BD51CA0006EED3 /* VineTests */ = {
			isa = PBXGroup;
			children = (
				E7E9BD4119BD51CA0006EED3 /* VineTests.swift */,
				E7E9BD3F19BD51CA0006EED3 /* Supporting Files */,
			);
			path = VineTests;
			sourceTree = "<group>";
		};
		E7E9BD3F19BD51CA0006EED3 /* Supporting Files */ = {
			isa = PBXGroup;
			children = (
				E7E9BD4019BD51CA0006EED3 /* Info.plist */,
			);
			name = "Supporting Files";
			sourceTree = "<group>";
		};
/* End PBXGroup section */

/* Begin PBXNativeTarget section */
		E7E9BD2919BD51CA0006EED3 /* Vine */ = {
			isa = PBXNativeTarget;
			buildConfigurationList = E7E9BD4319BD51CA0006EED3 /* Build configuration list for PBXNativeTarget "Vine" */;
			buildPhases = (
				E7E9BD2619BD51CA0006EED3 /* Sources */,
				E7E9BD2719BD51CA0006EED3 /* Frameworks */,
				E7E9BD2819BD51CA0006EED3 /* Resources */,
			);
			buildRules = (
			);
			dependencies = (
			);
			name = Vine;
			productName = Vine;
			productReference = E7E9BD2A19BD51CA0006EED3 /* Vine.app */;
			productType = "com.apple.product-type.application";
		};
		E7E9BD3A19BD51CA0006EED3 /* VineTests */ = {
			isa = PBXNativeTarget;
			buildConfigurationList = E7E9BD4619BD51CA0006EED3 /* Build configuration list for PBXNativeTarget "VineTests" */;
			buildPhases = (
				E7E9BD3719BD51CA0006EED3 /* Sources */,
				E7E9BD3819BD51CA0006EED3 /* Frameworks */,
				E7E9BD3919BD51CA0006EED3 /* Resources */,
			);
			buildRules = (
			);
			dependencies = (
				E7E9BD3D19BD51CA0006EED3 /* PBXTargetDependency */,
			);
			name = VineTests;
			productName = VineTests;
			productReference = E7E9BD3B19BD51CA0006EED3 /* VineTests.xctest */;
			productType = "com.apple.product-type.bundle.unit-test";
		};
/* End PBXNativeTarget section */

/* Begin PBXProject section */
		E73AD4F319BA302500FF5B08 /* Project object */ = {
			isa = PBXProject;
			attributes = {
				LastUpgradeCheck = 0600;
				ORGANIZATIONNAME = "Fabian Canas";
				TargetAttributes = {
					E7E9BD2919BD51CA0006EED3 = {
						CreatedOnToolsVersion = 6.0;
					};
					E7E9BD3A19BD51CA0006EED3 = {
						CreatedOnToolsVersion = 6.0;
						TestTargetID = E7E9BD2919BD51CA0006EED3;
					};
				};
			};
			buildConfigurationList = E73AD4F619BA302500FF5B08 /* Build configuration list for PBXProject "SwiftVine" */;
			compatibilityVersion = "Xcode 3.2";
			developmentRegion = English;
			hasScannedForEncodings = 0;
			knownRegions = (
				en,
				Base,
			);
			mainGroup = E73AD4F219BA302500FF5B08;
			productRefGroup = E73AD4FD19BA302500FF5B08 /* Products */;
			projectDirPath = "";
			projectRoot = "";
			targets = (
				E7E9BD2919BD51CA0006EED3 /* Vine */,
				E7E9BD3A19BD51CA0006EED3 /* VineTests */,
			);
		};
/* End PBXProject section */

/* Begin PBXResourcesBuildPhase section */
		E7E9BD2819BD51CA0006EED3 /* Resources */ = {
			isa = PBXResourcesBuildPhase;
			buildActionMask = 2147483647;
			files = (
				E7E9BD3419BD51CA0006EED3 /* Main.storyboard in Resources */,
				E7E9BD3619BD51CA0006EED3 /* Images.xcassets in Resources */,
			);
			runOnlyForDeploymentPostprocessing = 0;
		};
		E7E9BD3919BD51CA0006EED3 /* Resources */ = {
			isa = PBXResourcesBuildPhase;
			buildActionMask = 2147483647;
			files = (
			);
			runOnlyForDeploymentPostprocessing = 0;
		};
/* End PBXResourcesBuildPhase section */

/* Begin PBXSourcesBuildPhase section */
		E7E9BD2619BD51CA0006EED3 /* Sources */ = {
			isa = PBXSourcesBuildPhase;
			buildActionMask = 2147483647;
			files = (
				E7E9BD4A19BD51F30006EED3 /* VineService.swift in Sources */,
				E7E9BD3119BD51CA0006EED3 /* ViewController.swift in Sources */,
				E7E9BD2F19BD51CA0006EED3 /* AppDelegate.swift in Sources */,
			);
			runOnlyForDeploymentPostprocessing = 0;
		};
		E7E9BD3719BD51CA0006EED3 /* Sources */ = {
			isa = PBXSourcesBuildPhase;
			buildActionMask = 2147483647;
			files = (
				E7E9BD4219BD51CA0006EED3 /* VineTests.swift in Sources */,
			);
			runOnlyForDeploymentPostprocessing = 0;
		};
/* End PBXSourcesBuildPhase section */

/* Begin PBXTargetDependency section */
		E7E9BD3D19BD51CA0006EED3 /* PBXTargetDependency */ = {
			isa = PBXTargetDependency;
			target = E7E9BD2919BD51CA0006EED3 /* Vine */;
			targetProxy = E7E9BD3C19BD51CA0006EED3 /* PBXContainerItemProxy */;
		};
/* End PBXTargetDependency section */

/* Begin PBXVariantGroup section */
		E7E9BD3219BD51CA0006EED3 /* Main.storyboard */ = {
			isa = PBXVariantGroup;
			children = (
				E7E9BD3319BD51CA0006EED3 /* Base */,
			);
			name = Main.storyboard;
			sourceTree = "<group>";
		};
/* End PBXVariantGroup section */

/* Begin XCBuildConfiguration section */
		E73AD50D19BA302500FF5B08 /* Debug */ = {
			isa = XCBuildConfiguration;
			buildSettings = {
				ALWAYS_SEARCH_USER_PATHS = NO;
				CLANG_CXX_LANGUAGE_STANDARD = "gnu++0x";
				CLANG_CXX_LIBRARY = "libc++";
				CLANG_ENABLE_MODULES = YES;
				CLANG_ENABLE_OBJC_ARC = YES;
				CLANG_WARN_BOOL_CONVERSION = YES;
				CLANG_WARN_CONSTANT_CONVERSION = YES;
				CLANG_WARN_DIRECT_OBJC_ISA_USAGE = YES_ERROR;
				CLANG_WARN_EMPTY_BODY = YES;
				CLANG_WARN_ENUM_CONVERSION = YES;
				CLANG_WARN_INT_CONVERSION = YES;
				CLANG_WARN_OBJC_ROOT_CLASS = YES_ERROR;
				CLANG_WARN_UNREACHABLE_CODE = YES;
				CLANG_WARN__DUPLICATE_METHOD_MATCH = YES;
				"CODE_SIGN_IDENTITY[sdk=iphoneos*]" = "iPhone Developer";
				COPY_PHASE_STRIP = NO;
				CURRENT_PROJECT_VERSION = 1;
				ENABLE_STRICT_OBJC_MSGSEND = YES;
				GCC_C_LANGUAGE_STANDARD = gnu99;
				GCC_DYNAMIC_NO_PIC = NO;
				GCC_OPTIMIZATION_LEVEL = 0;
				GCC_PREPROCESSOR_DEFINITIONS = (
					"DEBUG=1",
					"$(inherited)",
				);
				GCC_SYMBOLS_PRIVATE_EXTERN = NO;
				GCC_WARN_64_TO_32_BIT_CONVERSION = YES;
				GCC_WARN_ABOUT_RETURN_TYPE = YES_ERROR;
				GCC_WARN_UNDECLARED_SELECTOR = YES;
				GCC_WARN_UNINITIALIZED_AUTOS = YES_AGGRESSIVE;
				GCC_WARN_UNUSED_FUNCTION = YES;
				GCC_WARN_UNUSED_VARIABLE = YES;
				IPHONEOS_DEPLOYMENT_TARGET = 8.0;
				MTL_ENABLE_DEBUG_INFO = YES;
				ONLY_ACTIVE_ARCH = YES;
				SDKROOT = iphoneos;
				SWIFT_OPTIMIZATION_LEVEL = "-Onone";
				TARGETED_DEVICE_FAMILY = "1,2";
				VERSIONING_SYSTEM = "apple-generic";
				VERSION_INFO_PREFIX = "";
			};
			name = Debug;
		};
		E73AD50E19BA302500FF5B08 /* Release */ = {
			isa = XCBuildConfiguration;
			buildSettings = {
				ALWAYS_SEARCH_USER_PATHS = NO;
				CLANG_CXX_LANGUAGE_STANDARD = "gnu++0x";
				CLANG_CXX_LIBRARY = "libc++";
				CLANG_ENABLE_MODULES = YES;
				CLANG_ENABLE_OBJC_ARC = YES;
				CLANG_WARN_BOOL_CONVERSION = YES;
				CLANG_WARN_CONSTANT_CONVERSION = YES;
				CLANG_WARN_DIRECT_OBJC_ISA_USAGE = YES_ERROR;
				CLANG_WARN_EMPTY_BODY = YES;
				CLANG_WARN_ENUM_CONVERSION = YES;
				CLANG_WARN_INT_CONVERSION = YES;
				CLANG_WARN_OBJC_ROOT_CLASS = YES_ERROR;
				CLANG_WARN_UNREACHABLE_CODE = YES;
				CLANG_WARN__DUPLICATE_METHOD_MATCH = YES;
				"CODE_SIGN_IDENTITY[sdk=iphoneos*]" = "iPhone Developer";
				COPY_PHASE_STRIP = YES;
				CURRENT_PROJECT_VERSION = 1;
				ENABLE_NS_ASSERTIONS = NO;
				ENABLE_STRICT_OBJC_MSGSEND = YES;
				GCC_C_LANGUAGE_STANDARD = gnu99;
				GCC_WARN_64_TO_32_BIT_CONVERSION = YES;
				GCC_WARN_ABOUT_RETURN_TYPE = YES_ERROR;
				GCC_WARN_UNDECLARED_SELECTOR = YES;
				GCC_WARN_UNINITIALIZED_AUTOS = YES_AGGRESSIVE;
				GCC_WARN_UNUSED_FUNCTION = YES;
				GCC_WARN_UNUSED_VARIABLE = YES;
				IPHONEOS_DEPLOYMENT_TARGET = 8.0;
				MTL_ENABLE_DEBUG_INFO = NO;
				SDKROOT = iphoneos;
				TARGETED_DEVICE_FAMILY = "1,2";
				VALIDATE_PRODUCT = YES;
				VERSIONING_SYSTEM = "apple-generic";
				VERSION_INFO_PREFIX = "";
			};
			name = Release;
		};
		E7E9BD4419BD51CA0006EED3 /* Debug */ = {
			isa = XCBuildConfiguration;
			buildSettings = {
				ASSETCATALOG_COMPILER_APPICON_NAME = AppIcon;
				ASSETCATALOG_COMPILER_LAUNCHIMAGE_NAME = LaunchImage;
				GCC_PREPROCESSOR_DEFINITIONS = (
					"DEBUG=1",
					"$(inherited)",
				);
				INFOPLIST_FILE = Vine/Info.plist;
				LD_RUNPATH_SEARCH_PATHS = "$(inherited) @executable_path/Frameworks";
				PRODUCT_NAME = "$(TARGET_NAME)";
			};
			name = Debug;
		};
		E7E9BD4519BD51CA0006EED3 /* Release */ = {
			isa = XCBuildConfiguration;
			buildSettings = {
				ASSETCATALOG_COMPILER_APPICON_NAME = AppIcon;
				ASSETCATALOG_COMPILER_LAUNCHIMAGE_NAME = LaunchImage;
				INFOPLIST_FILE = Vine/Info.plist;
				LD_RUNPATH_SEARCH_PATHS = "$(inherited) @executable_path/Frameworks";
				PRODUCT_NAME = "$(TARGET_NAME)";
			};
			name = Release;
		};
		E7E9BD4719BD51CA0006EED3 /* Debug */ = {
			isa = XCBuildConfiguration;
			buildSettings = {
				BUNDLE_LOADER = "$(TEST_HOST)";
				FRAMEWORK_SEARCH_PATHS = (
					"$(SDKROOT)/Developer/Library/Frameworks",
					"$(inherited)",
				);
				GCC_PREPROCESSOR_DEFINITIONS = (
					"DEBUG=1",
					"$(inherited)",
				);
				INFOPLIST_FILE = VineTests/Info.plist;
				LD_RUNPATH_SEARCH_PATHS = "$(inherited) @executable_path/Frameworks @loader_path/Frameworks";
				PRODUCT_NAME = "$(TARGET_NAME)";
				TEST_HOST = "$(BUILT_PRODUCTS_DIR)/Vine.app/Vine";
			};
			name = Debug;
		};
		E7E9BD4819BD51CA0006EED3 /* Release */ = {
			isa = XCBuildConfiguration;
			buildSettings = {
				BUNDLE_LOADER = "$(TEST_HOST)";
				FRAMEWORK_SEARCH_PATHS = (
					"$(SDKROOT)/Developer/Library/Frameworks",
					"$(inherited)",
				);
				INFOPLIST_FILE = VineTests/Info.plist;
				LD_RUNPATH_SEARCH_PATHS = "$(inherited) @executable_path/Frameworks @loader_path/Frameworks";
				PRODUCT_NAME = "$(TARGET_NAME)";
				TEST_HOST = "$(BUILT_PRODUCTS_DIR)/Vine.app/Vine";
			};
			name = Release;
		};
/* End XCBuildConfiguration section */

/* Begin XCConfigurationList section */
		E73AD4F619BA302500FF5B08 /* Build configuration list for PBXProject "SwiftVine" */ = {
			isa = XCConfigurationList;
			buildConfigurations = (
				E73AD50D19BA302500FF5B08 /* Debug */,
				E73AD50E19BA302500FF5B08 /* Release */,
			);
			defaultConfigurationIsVisible = 0;
			defaultConfigurationName = Release;
		};
		E7E9BD4319BD51CA0006EED3 /* Build configuration list for PBXNativeTarget "Vine" */ = {
			isa = XCConfigurationList;
			buildConfigurations = (
				E7E9BD4419BD51CA0006EED3 /* Debug */,
				E7E9BD4519BD51CA0006EED3 /* Release */,
			);
			defaultConfigurationIsVisible = 0;
		};
		E7E9BD4619BD51CA0006EED3 /* Build configuration list for PBXNativeTarget "VineTests" */ = {
			isa = XCConfigurationList;
			buildConfigurations = (
				E7E9BD4719BD51CA0006EED3 /* Debug */,
				E7E9BD4819BD51CA0006EED3 /* Release */,
			);
			defaultConfigurationIsVisible = 0;
		};
/* End XCConfigurationList section */
	};
	rootObject = E73AD4F319BA302500FF5B08 /* Project object */;
}
